
Microsoft Visual Studio Solution File, Format Version 12.00
# Visual Studio Version 17
VisualStudioVersion = 17.4.32916.344
MinimumVisualStudioVersion = 10.0.40219.1
Project("{FAE04EC0-301F-11D3-BF4B-00C04F79EFBC}") = "Master.Category.Api", "Master.Category.Api\Master.Category.Api.csproj", "{C8689D30-0E74-4115-B5B3-E2A883AFB855}"
EndProject
Global
	GlobalSection(SolutionConfigurationPlatforms) = preSolution
		Debug|Any CPU = Debug|Any CPU
		Release|Any CPU = Release|Any CPU
	EndGlobalSection
	GlobalSection(ProjectConfigurationPlatforms) = postSolution
		{C8689D30-0E74-4115-B5B3-E2A883AFB855}.Debug|Any CPU.ActiveCfg = Debug|Any CPU
		{C8689D30-0E74-4115-B5B3-E2A883AFB855}.Debug|Any CPU.Build.0 = Debug|Any CPU
		{C8689D30-0E74-4115-B5B3-E2A883AFB855}.Release|Any CPU.ActiveCfg = Release|Any CPU
		{C8689D30-0E74-4115-B5B3-E2A883AFB855}.Release|Any CPU.Build.0 = Release|Any CPU
	EndGlobalSection
	GlobalSection(SolutionProperties) = preSolution
		HideSolutionNode = FALSE
	EndGlobalSection
	GlobalSection(ExtensibilityGlobals) = postSolution
		SolutionGuid = {68550A06-E26E-4220-B940-E967F12D9EFF}
	EndGlobalSection
EndGlobal
